
Microsoft Visual Studio Solution File, Format Version 11.00
# Visual C# Express 2010
Project("{FAE04EC0-301F-11D3-BF4B-00C04F79EFBC}") = "key_ring", "key_ring\key_ring.csproj", "{C315E099-02F3-452E-908C-CF6804047C3A}"
EndProject
Global
	GlobalSection(SolutionConfigurationPlatforms) = preSolution
		Debug|Any CPU = Debug|Any CPU
		Release|Any CPU = Release|Any CPU
	EndGlobalSection
	GlobalSection(ProjectConfigurationPlatforms) = postSolution
		{C315E099-02F3-452E-908C-CF6804047C3A}.Debug|Any CPU.ActiveCfg = Debug|Any CPU
		{C315E099-02F3-452E-908C-CF6804047C3A}.Debug|Any CPU.Build.0 = Debug|Any CPU
		{C315E099-02F3-452E-908C-CF6804047C3A}.Release|Any CPU.ActiveCfg = Release|Any CPU
		{C315E099-02F3-452E-908C-CF6804047C3A}.Release|Any CPU.Build.0 = Release|Any CPU
	EndGlobalSection
	GlobalSection(SolutionProperties) = preSolution
		HideSolutionNode = FALSE
	EndGlobalSection
EndGlobal
